
Microsoft Visual Studio Solution File, Format Version 12.00
# Visual Studio 15
VisualStudioVersion = 15.0.28307.421
MinimumVisualStudioVersion = 10.0.40219.1
Project("{8BC9CEB8-8B4A-11D0-8D11-00A0C91BC942}") = "People", "People\People.vcxproj", "{93A1B77E-379D-406C-A960-091777F0DDAD}"
EndProject
Project("{8BC9CEB8-8B4A-11D0-8D11-00A0C91BC942}") = "People_tests", "People_tests\People_tests.vcxproj", "{C6D7741A-9311-43A5-8820-6F27955ACCD1}"
EndProject
Global
	GlobalSection(SolutionConfigurationPlatforms) = preSolution
		Debug|x64 = Debug|x64
		Debug|x86 = Debug|x86
		Release|x64 = Release|x64
		Release|x86 = Release|x86
	EndGlobalSection
	GlobalSection(ProjectConfigurationPlatforms) = postSolution
		{93A1B77E-379D-406C-A960-091777F0DDAD}.Debug|x64.ActiveCfg = Debug|x64
		{93A1B77E-379D-406C-A960-091777F0DDAD}.Debug|x64.Build.0 = Debug|x64
		{93A1B77E-379D-406C-A960-091777F0DDAD}.Debug|x86.ActiveCfg = Debug|Win32
		{93A1B77E-379D-406C-A960-091777F0DDAD}.Debug|x86.Build.0 = Debug|Win32
		{93A1B77E-379D-406C-A960-091777F0DDAD}.Release|x64.ActiveCfg = Release|x64
		{93A1B77E-379D-406C-A960-091777F0DDAD}.Release|x64.Build.0 = Release|x64
		{93A1B77E-379D-406C-A960-091777F0DDAD}.Release|x86.ActiveCfg = Release|Win32
		{93A1B77E-379D-406C-A960-091777F0DDAD}.Release|x86.Build.0 = Release|Win32
		{C6D7741A-9311-43A5-8820-6F27955ACCD1}.Debug|x64.ActiveCfg = Debug|x64
		{C6D7741A-9311-43A5-8820-6F27955ACCD1}.Debug|x64.Build.0 = Debug|x64
		{C6D7741A-9311-43A5-8820-6F27955ACCD1}.Debug|x86.ActiveCfg = Debug|Win32
		{C6D7741A-9311-43A5-8820-6F27955ACCD1}.Debug|x86.Build.0 = Debug|Win32
		{C6D7741A-9311-43A5-8820-6F27955ACCD1}.Release|x64.ActiveCfg = Release|x64
		{C6D7741A-9311-43A5-8820-6F27955ACCD1}.Release|x64.Build.0 = Release|x64
		{C6D7741A-9311-43A5-8820-6F27955ACCD1}.Release|x86.ActiveCfg = Release|Win32
		{C6D7741A-9311-43A5-8820-6F27955ACCD1}.Release|x86.Build.0 = Release|Win32
	EndGlobalSection
	GlobalSection(SolutionProperties) = preSolution
		HideSolutionNode = FALSE
	EndGlobalSection
	GlobalSection(ExtensibilityGlobals) = postSolution
		SolutionGuid = {D56984AE-6F06-4B47-AA89-71C28FDE3185}
	EndGlobalSection
EndGlobal
