
Microsoft Visual Studio Solution File, Format Version 12.00
# Visual Studio 15
VisualStudioVersion = 15.0.28307.421
MinimumVisualStudioVersion = 10.0.40219.1
Project("{8BC9CEB8-8B4A-11D0-8D11-00A0C91BC942}") = "crypt", "crypt\crypt.vcxproj", "{C50EA834-E1AF-4974-BFA2-98C5DBA6E3B8}"
EndProject
Global
	GlobalSection(SolutionConfigurationPlatforms) = preSolution
		Debug|x64 = Debug|x64
		Debug|x86 = Debug|x86
		Release|x64 = Release|x64
		Release|x86 = Release|x86
	EndGlobalSection
	GlobalSection(ProjectConfigurationPlatforms) = postSolution
		{C50EA834-E1AF-4974-BFA2-98C5DBA6E3B8}.Debug|x64.ActiveCfg = Debug|x64
		{C50EA834-E1AF-4974-BFA2-98C5DBA6E3B8}.Debug|x64.Build.0 = Debug|x64
		{C50EA834-E1AF-4974-BFA2-98C5DBA6E3B8}.Debug|x86.ActiveCfg = Debug|Win32
		{C50EA834-E1AF-4974-BFA2-98C5DBA6E3B8}.Debug|x86.Build.0 = Debug|Win32
		{C50EA834-E1AF-4974-BFA2-98C5DBA6E3B8}.Release|x64.ActiveCfg = Release|x64
		{C50EA834-E1AF-4974-BFA2-98C5DBA6E3B8}.Release|x64.Build.0 = Release|x64
		{C50EA834-E1AF-4974-BFA2-98C5DBA6E3B8}.Release|x86.ActiveCfg = Release|Win32
		{C50EA834-E1AF-4974-BFA2-98C5DBA6E3B8}.Release|x86.Build.0 = Release|Win32
	EndGlobalSection
	GlobalSection(SolutionProperties) = preSolution
		HideSolutionNode = FALSE
	EndGlobalSection
	GlobalSection(ExtensibilityGlobals) = postSolution
		SolutionGuid = {CB32962E-ADCE-451A-9FB0-E6FF22E6C1CE}
	EndGlobalSection
EndGlobal
